
Microsoft Visual Studio Solution File, Format Version 12.00
# Visual Studio Version 16
VisualStudioVersion = 16.0.29613.14
MinimumVisualStudioVersion = 10.0.40219.1
Project("{FAE04EC0-301F-11D3-BF4B-00C04F79EFBC}") = "MentalBoard-MVC", "MentalBoard-MVC\MentalBoard-MVC.csproj", "{285990C0-9EB9-4E46-9A08-409485C98DB0}"
EndProject
Global
	GlobalSection(SolutionConfigurationPlatforms) = preSolution
		Debug|Any CPU = Debug|Any CPU
		Release|Any CPU = Release|Any CPU
	EndGlobalSection
	GlobalSection(ProjectConfigurationPlatforms) = postSolution
		{285990C0-9EB9-4E46-9A08-409485C98DB0}.Debug|Any CPU.ActiveCfg = Debug|Any CPU
		{285990C0-9EB9-4E46-9A08-409485C98DB0}.Debug|Any CPU.Build.0 = Debug|Any CPU
		{285990C0-9EB9-4E46-9A08-409485C98DB0}.Release|Any CPU.ActiveCfg = Release|Any CPU
		{285990C0-9EB9-4E46-9A08-409485C98DB0}.Release|Any CPU.Build.0 = Release|Any CPU
	EndGlobalSection
	GlobalSection(SolutionProperties) = preSolution
		HideSolutionNode = FALSE
	EndGlobalSection
	GlobalSection(ExtensibilityGlobals) = postSolution
		SolutionGuid = {08600ACC-63A6-486B-8CDE-C5AFF7C52B5C}
	EndGlobalSection
EndGlobal
